
Microsoft Visual Studio Solution File, Format Version 12.00
# Visual Studio Version 17
VisualStudioVersion = 17.5.33530.505
MinimumVisualStudioVersion = 10.0.40219.1
Project("{FAE04EC0-301F-11D3-BF4B-00C04F79EFBC}") = "ModalModelessPrac", "ModalModelessPrac\ModalModelessPrac.csproj", "{566BE88A-E43C-430C-991F-DA91D444DD02}"
EndProject
Global
	GlobalSection(SolutionConfigurationPlatforms) = preSolution
		Debug|Any CPU = Debug|Any CPU
		Release|Any CPU = Release|Any CPU
	EndGlobalSection
	GlobalSection(ProjectConfigurationPlatforms) = postSolution
		{566BE88A-E43C-430C-991F-DA91D444DD02}.Debug|Any CPU.ActiveCfg = Debug|Any CPU
		{566BE88A-E43C-430C-991F-DA91D444DD02}.Debug|Any CPU.Build.0 = Debug|Any CPU
		{566BE88A-E43C-430C-991F-DA91D444DD02}.Release|Any CPU.ActiveCfg = Release|Any CPU
		{566BE88A-E43C-430C-991F-DA91D444DD02}.Release|Any CPU.Build.0 = Release|Any CPU
	EndGlobalSection
	GlobalSection(SolutionProperties) = preSolution
		HideSolutionNode = FALSE
	EndGlobalSection
	GlobalSection(ExtensibilityGlobals) = postSolution
		SolutionGuid = {368F9B9A-5C7F-4787-8B07-D98BDF210CB3}
	EndGlobalSection
EndGlobal
